
Microsoft Visual Studio Solution File, Format Version 11.00
# Visual Studio 2010
Project("{FAE04EC0-301F-11D3-BF4B-00C04F79EFBC}") = "BMORPG_Server", "BMORPG_Server.csproj", "{6FF3E2B7-3D63-45FB-B520-F1FE80FBA69A}"
EndProject
Project("{FAE04EC0-301F-11D3-BF4B-00C04F79EFBC}") = "BMORPG_Server_Test", "BMORPG_Server_Test\BMORPG_Server_Test.csproj", "{C3B59D3F-252B-48C4-9EFD-5574C4A0CEEA}"
EndProject
Project("{2150E333-8FDC-42A3-9474-1A3956D46DE8}") = "Solution Items", "Solution Items", "{02CE5A19-A31D-4135-8A0C-0BE6B1D17EEA}"
	ProjectSection(SolutionItems) = preProject
		BMORPG_Server.vsmdi = BMORPG_Server.vsmdi
		Local.testsettings = Local.testsettings
		TraceAndTestImpact.testsettings = TraceAndTestImpact.testsettings
	EndProjectSection
EndProject
Global
	GlobalSection(SubversionScc) = preSolution
		Svn-Managed = True
		Manager = AnkhSVN - Subversion Support for Visual Studio
	EndGlobalSection
	GlobalSection(TestCaseManagementSettings) = postSolution
		CategoryFile = BMORPG_Server.vsmdi
	EndGlobalSection
	GlobalSection(SolutionConfigurationPlatforms) = preSolution
		Debug|Any CPU = Debug|Any CPU
		Debug|Mixed Platforms = Debug|Mixed Platforms
		Debug|Win32 = Debug|Win32
		Debug|x86 = Debug|x86
		Release|Any CPU = Release|Any CPU
		Release|Mixed Platforms = Release|Mixed Platforms
		Release|Win32 = Release|Win32
		Release|x86 = Release|x86
	EndGlobalSection
	GlobalSection(ProjectConfigurationPlatforms) = postSolution
		{6FF3E2B7-3D63-45FB-B520-F1FE80FBA69A}.Debug|Any CPU.ActiveCfg = Debug|x86
		{6FF3E2B7-3D63-45FB-B520-F1FE80FBA69A}.Debug|Mixed Platforms.ActiveCfg = Debug|x86
		{6FF3E2B7-3D63-45FB-B520-F1FE80FBA69A}.Debug|Mixed Platforms.Build.0 = Debug|x86
		{6FF3E2B7-3D63-45FB-B520-F1FE80FBA69A}.Debug|Win32.ActiveCfg = Debug|x86
		{6FF3E2B7-3D63-45FB-B520-F1FE80FBA69A}.Debug|x86.ActiveCfg = Debug|x86
		{6FF3E2B7-3D63-45FB-B520-F1FE80FBA69A}.Debug|x86.Build.0 = Debug|x86
		{6FF3E2B7-3D63-45FB-B520-F1FE80FBA69A}.Release|Any CPU.ActiveCfg = Release|x86
		{6FF3E2B7-3D63-45FB-B520-F1FE80FBA69A}.Release|Mixed Platforms.ActiveCfg = Release|x86
		{6FF3E2B7-3D63-45FB-B520-F1FE80FBA69A}.Release|Mixed Platforms.Build.0 = Release|x86
		{6FF3E2B7-3D63-45FB-B520-F1FE80FBA69A}.Release|Win32.ActiveCfg = Release|x86
		{6FF3E2B7-3D63-45FB-B520-F1FE80FBA69A}.Release|x86.ActiveCfg = Release|x86
		{6FF3E2B7-3D63-45FB-B520-F1FE80FBA69A}.Release|x86.Build.0 = Release|x86
		{C3B59D3F-252B-48C4-9EFD-5574C4A0CEEA}.Debug|Any CPU.ActiveCfg = Debug|Any CPU
		{C3B59D3F-252B-48C4-9EFD-5574C4A0CEEA}.Debug|Any CPU.Build.0 = Debug|Any CPU
		{C3B59D3F-252B-48C4-9EFD-5574C4A0CEEA}.Debug|Mixed Platforms.ActiveCfg = Debug|Any CPU
		{C3B59D3F-252B-48C4-9EFD-5574C4A0CEEA}.Debug|Mixed Platforms.Build.0 = Debug|Any CPU
		{C3B59D3F-252B-48C4-9EFD-5574C4A0CEEA}.Debug|Win32.ActiveCfg = Debug|Any CPU
		{C3B59D3F-252B-48C4-9EFD-5574C4A0CEEA}.Debug|x86.ActiveCfg = Debug|Any CPU
		{C3B59D3F-252B-48C4-9EFD-5574C4A0CEEA}.Release|Any CPU.ActiveCfg = Release|Any CPU
		{C3B59D3F-252B-48C4-9EFD-5574C4A0CEEA}.Release|Any CPU.Build.0 = Release|Any CPU
		{C3B59D3F-252B-48C4-9EFD-5574C4A0CEEA}.Release|Mixed Platforms.ActiveCfg = Release|Any CPU
		{C3B59D3F-252B-48C4-9EFD-5574C4A0CEEA}.Release|Mixed Platforms.Build.0 = Release|Any CPU
		{C3B59D3F-252B-48C4-9EFD-5574C4A0CEEA}.Release|Win32.ActiveCfg = Release|Any CPU
		{C3B59D3F-252B-48C4-9EFD-5574C4A0CEEA}.Release|x86.ActiveCfg = Release|Any CPU
	EndGlobalSection
	GlobalSection(SolutionProperties) = preSolution
		HideSolutionNode = FALSE
	EndGlobalSection
EndGlobal
